
Microsoft Visual Studio Solution File, Format Version 12.00
# Visual Studio Version 17
VisualStudioVersion = 17.3.32901.215
MinimumVisualStudioVersion = 10.0.40219.1
Project("{FAE04EC0-301F-11D3-BF4B-00C04F79EFBC}") = "CMS.DataLayer", "CMS.DataLayer\CMS.DataLayer.csproj", "{5B71838A-320D-44BC-9359-C97FF4624D10}"
EndProject
Project("{FAE04EC0-301F-11D3-BF4B-00C04F79EFBC}") = "CMS.Core", "CMS.Core\CMS.Core.csproj", "{67A86CD5-247C-4DF3-A91C-F689688E7121}"
EndProject
Project("{FAE04EC0-301F-11D3-BF4B-00C04F79EFBC}") = "CMS.Web", "CMS.Web\CMS.Web.csproj", "{30BA7130-BED7-4064-802E-146BC43E550F}"
EndProject
Global
	GlobalSection(SolutionConfigurationPlatforms) = preSolution
		Debug|Any CPU = Debug|Any CPU
		Release|Any CPU = Release|Any CPU
	EndGlobalSection
	GlobalSection(ProjectConfigurationPlatforms) = postSolution
		{30BA7130-BED7-4064-802E-146BC43E550F}.Debug|Any CPU.ActiveCfg = Debug|Any CPU
		{30BA7130-BED7-4064-802E-146BC43E550F}.Debug|Any CPU.Build.0 = Debug|Any CPU
		{30BA7130-BED7-4064-802E-146BC43E550F}.Release|Any CPU.ActiveCfg = Release|Any CPU
		{30BA7130-BED7-4064-802E-146BC43E550F}.Release|Any CPU.Build.0 = Release|Any CPU
		{5B71838A-320D-44BC-9359-C97FF4624D10}.Debug|Any CPU.ActiveCfg = Debug|Any CPU
		{5B71838A-320D-44BC-9359-C97FF4624D10}.Debug|Any CPU.Build.0 = Debug|Any CPU
		{5B71838A-320D-44BC-9359-C97FF4624D10}.Release|Any CPU.ActiveCfg = Release|Any CPU
		{5B71838A-320D-44BC-9359-C97FF4624D10}.Release|Any CPU.Build.0 = Release|Any CPU
		{67A86CD5-247C-4DF3-A91C-F689688E7121}.Debug|Any CPU.ActiveCfg = Debug|Any CPU
		{67A86CD5-247C-4DF3-A91C-F689688E7121}.Debug|Any CPU.Build.0 = Debug|Any CPU
		{67A86CD5-247C-4DF3-A91C-F689688E7121}.Release|Any CPU.ActiveCfg = Release|Any CPU
		{67A86CD5-247C-4DF3-A91C-F689688E7121}.Release|Any CPU.Build.0 = Release|Any CPU
	EndGlobalSection
	GlobalSection(SolutionProperties) = preSolution
		HideSolutionNode = FALSE
	EndGlobalSection
	GlobalSection(ExtensibilityGlobals) = postSolution
		SolutionGuid = {BEF4EC09-6690-4B5C-9BF4-E43F973CE0C7}
	EndGlobalSection
EndGlobal
